// !$*UTF8*$!
{
	archiveVersion = 1;
	classes = {
	};
	objectVersion = 46;
	objects = {

/* Begin PBXBuildFile section */
		8876218A1AFD45F80025E474 /* GPX.swift in Sources */ = {isa = PBXBuildFile; fileRef = 887621891AFD45F80025E474 /* GPX.swift */; };
		88EEDCA11AFAB69A00643AB4 /* AppDelegate.swift in Sources */ = {isa = PBXBuildFile; fileRef = 88EEDCA01AFAB69A00643AB4 /* AppDelegate.swift */; };
		88EEDCA31AFAB69A00643AB4 /* ViewController.swift in Sources */ = {isa = PBXBuildFile; fileRef = 88EEDCA21AFAB69A00643AB4 /* ViewController.swift */; };
		88EEDCA81AFAB69A00643AB4 /* Images.xcassets in Resources */ = {isa = PBXBuildFile; fileRef = 88EEDCA71AFAB69A00643AB4 /* Images.xcassets */; };
		88EEDCB71AFAB69A00643AB4 /* TraxL14Tests.swift in Sources */ = {isa = PBXBuildFile; fileRef = 88EEDCB61AFAB69A00643AB4 /* TraxL14Tests.swift */; };
		88EEDCC11AFAB6F400643AB4 /* GPXViewController.swift in Sources */ = {isa = PBXBuildFile; fileRef = 88EEDCC01AFAB6F400643AB4 /* GPXViewController.swift */; };
		88EEDCC31AFABD1200643AB4 /* MKGPX.swift in Sources */ = {isa = PBXBuildFile; fileRef = 88EEDCC21AFABD1200643AB4 /* MKGPX.swift */; };
		88EEDCC71AFAD08300643AB4 /* ImageViewController.swift in Sources */ = {isa = PBXBuildFile; fileRef = 88EEDCC61AFAD08300643AB4 /* ImageViewController.swift */; };
		88F8CDC31AFADE6A00C285CC /* Main.storyboard in Resources */ = {isa = PBXBuildFile; fileRef = 88F8CDC21AFADE6A00C285CC /* Main.storyboard */; };
		88F8CDCD1AFBC26C00C285CC /* LaunchScreen.xib in Resources */ = {isa = PBXBuildFile; fileRef = 88EEDCA91AFAB69A00643AB4 /* LaunchScreen.xib */; };
/* End PBXBuildFile section */

/* Begin PBXContainerItemProxy section */
		88EEDCB11AFAB69A00643AB4 /* PBXContainerItemProxy */ = {
			isa = PBXContainerItemProxy;
			containerPortal = 88EEDC931AFAB69A00643AB4 /* Project object */;
			proxyType = 1;
			remoteGlobalIDString = 88EEDC9A1AFAB69A00643AB4;
			remoteInfo = TraxL14;
		};
/* End PBXContainerItemProxy section */

/* Begin PBXFileReference section */
		887621891AFD45F80025E474 /* GPX.swift */ = {isa = PBXFileReference; fileEncoding = 4; lastKnownFileType = sourcecode.swift; path = GPX.swift; sourceTree = "<group>"; };
		88EEDC9B1AFAB69A00643AB4 /* TraxL14.app */ = {isa = PBXFileReference; explicitFileType = wrapper.application; includeInIndex = 0; path = TraxL14.app; sourceTree = BUILT_PRODUCTS_DIR; };
		88EEDCA01AFAB69A00643AB4 /* AppDelegate.swift */ = {isa = PBXFileReference; lastKnownFileType = sourcecode.swift; path = AppDelegate.swift; sourceTree = "<group>"; };
		88EEDCA21AFAB69A00643AB4 /* ViewController.swift */ = {isa = PBXFileReference; lastKnownFileType = sourcecode.swift; path = ViewController.swift; sourceTree = "<group>"; };
		88EEDCA71AFAB69A00643AB4 /* Images.xcassets */ = {isa = PBXFileReference; lastKnownFileType = folder.assetcatalog; path = Images.xcassets; sourceTree = "<group>"; };
		88EEDCAA1AFAB69A00643AB4 /* Base */ = {isa = PBXFileReference; lastKnownFileType = file.xib; name = Base; path = Base.lproj/LaunchScreen.xib; sourceTree = "<group>"; };
		88EEDCB01AFAB69A00643AB4 /* TraxL14Tests.xctest */ = {isa = PBXFileReference; explicitFileType = wrapper.cfbundle; includeInIndex = 0; path = TraxL14Tests.xctest; sourceTree = BUILT_PRODUCTS_DIR; };
		88EEDCB51AFAB69A00643AB4 /* Info.plist */ = {isa = PBXFileReference; lastKnownFileType = text.plist.xml; path = Info.plist; sourceTree = "<group>"; };
		88EEDCB61AFAB69A00643AB4 /* TraxL14Tests.swift */ = {isa = PBXFileReference; lastKnownFileType = sourcecode.swift; path = TraxL14Tests.swift; sourceTree = "<group>"; };
		88EEDCC01AFAB6F400643AB4 /* GPXViewController.swift */ = {isa = PBXFileReference; fileEncoding = 4; lastKnownFileType = sourcecode.swift; path = GPXViewController.swift; sourceTree = "<group>"; };
		88EEDCC21AFABD1200643AB4 /* MKGPX.swift */ = {isa = PBXFileReference; fileEncoding = 4; lastKnownFileType = sourcecode.swift; path = MKGPX.swift; sourceTree = "<group>"; };
		88EEDCC61AFAD08300643AB4 /* ImageViewController.swift */ = {isa = PBXFileReference; fileEncoding = 4; lastKnownFileType = sourcecode.swift; path = ImageViewController.swift; sourceTree = "<group>"; };
		88F8CDC21AFADE6A00C285CC /* Main.storyboard */ = {isa = PBXFileReference; fileEncoding = 4; lastKnownFileType = file.storyboard; path = Main.storyboard; sourceTree = "<group>"; };
		88F8CDCB1AFBC16100C285CC /* Info.plist */ = {isa = PBXFileReference; lastKnownFileType = text.plist.xml; path = Info.plist; sourceTree = "<group>"; };
/* End PBXFileReference section */

/* Begin PBXFrameworksBuildPhase section */
		88EEDC981AFAB69A00643AB4 /* Frameworks */ = {
			isa = PBXFrameworksBuildPhase;
			buildActionMask = 2147483647;
			files = (
			);
			runOnlyForDeploymentPostprocessing = 0;
		};
		88EEDCAD1AFAB69A00643AB4 /* Frameworks */ = {
			isa = PBXFrameworksBuildPhase;
			buildActionMask = 2147483647;
			files = (
			);
			runOnlyForDeploymentPostprocessing = 0;
		};
/* End PBXFrameworksBuildPhase section */

/* Begin PBXGroup section */
		88EEDC921AFAB69A00643AB4 = {
			isa = PBXGroup;
			children = (
				88EEDC9D1AFAB69A00643AB4 /* TraxL14 */,
				88EEDCB31AFAB69A00643AB4 /* TraxL14Tests */,
				88EEDC9C1AFAB69A00643AB4 /* Products */,
			);
			sourceTree = "<group>";
		};
		88EEDC9C1AFAB69A00643AB4 /* Products */ = {
			isa = PBXGroup;
			children = (
				88EEDC9B1AFAB69A00643AB4 /* TraxL14.app */,
				88EEDCB01AFAB69A00643AB4 /* TraxL14Tests.xctest */,
			);
			name = Products;
			sourceTree = "<group>";
		};
		88EEDC9D1AFAB69A00643AB4 /* TraxL14 */ = {
			isa = PBXGroup;
			children = (
				887621891AFD45F80025E474 /* GPX.swift */,
				88EEDCA01AFAB69A00643AB4 /* AppDelegate.swift */,
				88EEDCC21AFABD1200643AB4 /* MKGPX.swift */,
				88EEDCC01AFAB6F400643AB4 /* GPXViewController.swift */,
				88EEDCC61AFAD08300643AB4 /* ImageViewController.swift */,
				88F8CDC21AFADE6A00C285CC /* Main.storyboard */,
				88EEDC9E1AFAB69A00643AB4 /* Supporting Files */,
			);
			path = TraxL14;
			sourceTree = "<group>";
		};
		88EEDC9E1AFAB69A00643AB4 /* Supporting Files */ = {
			isa = PBXGroup;
			children = (
				88F8CDCB1AFBC16100C285CC /* Info.plist */,
				88EEDCA91AFAB69A00643AB4 /* LaunchScreen.xib */,
				88EEDCA71AFAB69A00643AB4 /* Images.xcassets */,
				88EEDCA21AFAB69A00643AB4 /* ViewController.swift */,
			);
			name = "Supporting Files";
			sourceTree = "<group>";
		};
		88EEDCB31AFAB69A00643AB4 /* TraxL14Tests */ = {
			isa = PBXGroup;
			children = (
				88EEDCB61AFAB69A00643AB4 /* TraxL14Tests.swift */,
				88EEDCB41AFAB69A00643AB4 /* Supporting Files */,
			);
			path = TraxL14Tests;
			sourceTree = "<group>";
		};
		88EEDCB41AFAB69A00643AB4 /* Supporting Files */ = {
			isa = PBXGroup;
			children = (
				88EEDCB51AFAB69A00643AB4 /* Info.plist */,
			);
			name = "Supporting Files";
			sourceTree = "<group>";
		};
/* End PBXGroup section */

/* Begin PBXNativeTarget section */
		88EEDC9A1AFAB69A00643AB4 /* TraxL14 */ = {
			isa = PBXNativeTarget;
			buildConfigurationList = 88EEDCBA1AFAB69A00643AB4 /* Build configuration list for PBXNativeTarget "TraxL14" */;
			buildPhases = (
				88EEDC971AFAB69A00643AB4 /* Sources */,
				88EEDC981AFAB69A00643AB4 /* Frameworks */,
				88EEDC991AFAB69A00643AB4 /* Resources */,
			);
			buildRules = (
			);
			dependencies = (
			);
			name = TraxL14;
			productName = TraxL14;
			productReference = 88EEDC9B1AFAB69A00643AB4 /* TraxL14.app */;
			productType = "com.apple.product-type.application";
		};
		88EEDCAF1AFAB69A00643AB4 /* TraxL14Tests */ = {
			isa = PBXNativeTarget;
			buildConfigurationList = 88EEDCBD1AFAB69A00643AB4 /* Build configuration list for PBXNativeTarget "TraxL14Tests" */;
			buildPhases = (
				88EEDCAC1AFAB69A00643AB4 /* Sources */,
				88EEDCAD1AFAB69A00643AB4 /* Frameworks */,
				88EEDCAE1AFAB69A00643AB4 /* Resources */,
			);
			buildRules = (
			);
			dependencies = (
				88EEDCB21AFAB69A00643AB4 /* PBXTargetDependency */,
			);
			name = TraxL14Tests;
			productName = TraxL14Tests;
			productReference = 88EEDCB01AFAB69A00643AB4 /* TraxL14Tests.xctest */;
			productType = "com.apple.product-type.bundle.unit-test";
		};
/* End PBXNativeTarget section */

/* Begin PBXProject section */
		88EEDC931AFAB69A00643AB4 /* Project object */ = {
			isa = PBXProject;
			attributes = {
				LastUpgradeCheck = 0640;
				ORGANIZATIONNAME = "Garth MacKenzie";
				TargetAttributes = {
					88EEDC9A1AFAB69A00643AB4 = {
						CreatedOnToolsVersion = 6.4;
						DevelopmentTeam = 7P9362E76E;
					};
					88EEDCAF1AFAB69A00643AB4 = {
						CreatedOnToolsVersion = 6.4;
						TestTargetID = 88EEDC9A1AFAB69A00643AB4;
					};
				};
			};
			buildConfigurationList = 88EEDC961AFAB69A00643AB4 /* Build configuration list for PBXProject "TraxL14" */;
			compatibilityVersion = "Xcode 3.2";
			developmentRegion = English;
			hasScannedForEncodings = 0;
			knownRegions = (
				en,
				Base,
			);
			mainGroup = 88EEDC921AFAB69A00643AB4;
			productRefGroup = 88EEDC9C1AFAB69A00643AB4 /* Products */;
			projectDirPath = "";
			projectRoot = "";
			targets = (
				88EEDC9A1AFAB69A00643AB4 /* TraxL14 */,
				88EEDCAF1AFAB69A00643AB4 /* TraxL14Tests */,
			);
		};
/* End PBXProject section */

/* Begin PBXResourcesBuildPhase section */
		88EEDC991AFAB69A00643AB4 /* Resources */ = {
			isa = PBXResourcesBuildPhase;
			buildActionMask = 2147483647;
			files = (
				88F8CDCD1AFBC26C00C285CC /* LaunchScreen.xib in Resources */,
				88F8CDC31AFADE6A00C285CC /* Main.storyboard in Resources */,
				88EEDCA81AFAB69A00643AB4 /* Images.xcassets in Resources */,
			);
			runOnlyForDeploymentPostprocessing = 0;
		};
		88EEDCAE1AFAB69A00643AB4 /* Resources */ = {
			isa = PBXResourcesBuildPhase;
			buildActionMask = 2147483647;
			files = (
			);
			runOnlyForDeploymentPostprocessing = 0;
		};
/* End PBXResourcesBuildPhase section */

/* Begin PBXSourcesBuildPhase section */
		88EEDC971AFAB69A00643AB4 /* Sources */ = {
			isa = PBXSourcesBuildPhase;
			buildActionMask = 2147483647;
			files = (
				88EEDCA31AFAB69A00643AB4 /* ViewController.swift in Sources */,
				88EEDCC31AFABD1200643AB4 /* MKGPX.swift in Sources */,
				88EEDCA11AFAB69A00643AB4 /* AppDelegate.swift in Sources */,
				88EEDCC11AFAB6F400643AB4 /* GPXViewController.swift in Sources */,
				88EEDCC71AFAD08300643AB4 /* ImageViewController.swift in Sources */,
				8876218A1AFD45F80025E474 /* GPX.swift in Sources */,
			);
			runOnlyForDeploymentPostprocessing = 0;
		};
		88EEDCAC1AFAB69A00643AB4 /* Sources */ = {
			isa = PBXSourcesBuildPhase;
			buildActionMask = 2147483647;
			files = (
				88EEDCB71AFAB69A00643AB4 /* TraxL14Tests.swift in Sources */,
			);
			runOnlyForDeploymentPostprocessing = 0;
		};
/* End PBXSourcesBuildPhase section */

/* Begin PBXTargetDependency section */
		88EEDCB21AFAB69A00643AB4 /* PBXTargetDependency */ = {
			isa = PBXTargetDependency;
			target = 88EEDC9A1AFAB69A00643AB4 /* TraxL14 */;
			targetProxy = 88EEDCB11AFAB69A00643AB4 /* PBXContainerItemProxy */;
		};
/* End PBXTargetDependency section */

/* Begin PBXVariantGroup section */
		88EEDCA91AFAB69A00643AB4 /* LaunchScreen.xib */ = {
			isa = PBXVariantGroup;
			children = (
				88EEDCAA1AFAB69A00643AB4 /* Base */,
			);
			name = LaunchScreen.xib;
			sourceTree = "<group>";
		};
/* End PBXVariantGroup section */

/* Begin XCBuildConfiguration section */
		88EEDCB81AFAB69A00643AB4 /* Debug */ = {
			isa = XCBuildConfiguration;
			buildSettings = {
				ALWAYS_SEARCH_USER_PATHS = NO;
				CLANG_CXX_LANGUAGE_STANDARD = "gnu++0x";
				CLANG_CXX_LIBRARY = "libc++";
				CLANG_ENABLE_MODULES = YES;
				CLANG_ENABLE_OBJC_ARC = YES;
				CLANG_WARN_BOOL_CONVERSION = YES;
				CLANG_WARN_CONSTANT_CONVERSION = YES;
				CLANG_WARN_DIRECT_OBJC_ISA_USAGE = YES_ERROR;
				CLANG_WARN_EMPTY_BODY = YES;
				CLANG_WARN_ENUM_CONVERSION = YES;
				CLANG_WARN_INT_CONVERSION = YES;
				CLANG_WARN_OBJC_ROOT_CLASS = YES_ERROR;
				CLANG_WARN_UNREACHABLE_CODE = YES;
				CLANG_WARN__DUPLICATE_METHOD_MATCH = YES;
				"CODE_SIGN_IDENTITY[sdk=iphoneos*]" = "iPhone Developer";
				COPY_PHASE_STRIP = NO;
				DEBUG_INFORMATION_FORMAT = "dwarf-with-dsym";
				ENABLE_STRICT_OBJC_MSGSEND = YES;
				GCC_C_LANGUAGE_STANDARD = gnu99;
				GCC_DYNAMIC_NO_PIC = NO;
				GCC_NO_COMMON_BLOCKS = YES;
				GCC_OPTIMIZATION_LEVEL = 0;
				GCC_PREPROCESSOR_DEFINITIONS = (
					"DEBUG=1",
					"$(inherited)",
				);
				GCC_SYMBOLS_PRIVATE_EXTERN = NO;
				GCC_WARN_64_TO_32_BIT_CONVERSION = YES;
				GCC_WARN_ABOUT_RETURN_TYPE = YES_ERROR;
				GCC_WARN_UNDECLARED_SELECTOR = YES;
				GCC_WARN_UNINITIALIZED_AUTOS = YES_AGGRESSIVE;
				GCC_WARN_UNUSED_FUNCTION = YES;
				GCC_WARN_UNUSED_VARIABLE = YES;
				IPHONEOS_DEPLOYMENT_TARGET = 8.3;
				MTL_ENABLE_DEBUG_INFO = YES;
				ONLY_ACTIVE_ARCH = YES;
				SDKROOT = iphoneos;
				SWIFT_OPTIMIZATION_LEVEL = "-Onone";
				TARGETED_DEVICE_FAMILY = "1,2";
			};
			name = Debug;
		};
		88EEDCB91AFAB69A00643AB4 /* Release */ = {
			isa = XCBuildConfiguration;
			buildSettings = {
				ALWAYS_SEARCH_USER_PATHS = NO;
				CLANG_CXX_LANGUAGE_STANDARD = "gnu++0x";
				CLANG_CXX_LIBRARY = "libc++";
				CLANG_ENABLE_MODULES = YES;
				CLANG_ENABLE_OBJC_ARC = YES;
				CLANG_WARN_BOOL_CONVERSION = YES;
				CLANG_WARN_CONSTANT_CONVERSION = YES;
				CLANG_WARN_DIRECT_OBJC_ISA_USAGE = YES_ERROR;
				CLANG_WARN_EMPTY_BODY = YES;
				CLANG_WARN_ENUM_CONVERSION = YES;
				CLANG_WARN_INT_CONVERSION = YES;
				CLANG_WARN_OBJC_ROOT_CLASS = YES_ERROR;
				CLANG_WARN_UNREACHABLE_CODE = YES;
				CLANG_WARN__DUPLICATE_METHOD_MATCH = YES;
				"CODE_SIGN_IDENTITY[sdk=iphoneos*]" = "iPhone Developer";
				COPY_PHASE_STRIP = NO;
				DEBUG_INFORMATION_FORMAT = "dwarf-with-dsym";
				ENABLE_NS_ASSERTIONS = NO;
				ENABLE_STRICT_OBJC_MSGSEND = YES;
				GCC_C_LANGUAGE_STANDARD = gnu99;
				GCC_NO_COMMON_BLOCKS = YES;
				GCC_WARN_64_TO_32_BIT_CONVERSION = YES;
				GCC_WARN_ABOUT_RETURN_TYPE = YES_ERROR;
				GCC_WARN_UNDECLARED_SELECTOR = YES;
				GCC_WARN_UNINITIALIZED_AUTOS = YES_AGGRESSIVE;
				GCC_WARN_UNUSED_FUNCTION = YES;
				GCC_WARN_UNUSED_VARIABLE = YES;
				IPHONEOS_DEPLOYMENT_TARGET = 8.3;
				MTL_ENABLE_DEBUG_INFO = NO;
				SDKROOT = iphoneos;
				TARGETED_DEVICE_FAMILY = "1,2";
				VALIDATE_PRODUCT = YES;
			};
			name = Release;
		};
		88EEDCBB1AFAB69A00643AB4 /* Debug */ = {
			isa = XCBuildConfiguration;
			buildSettings = {
				ASSETCATALOG_COMPILER_APPICON_NAME = AppIcon;
				CODE_SIGN_IDENTITY = "iPhone Developer";
				INFOPLIST_FILE = TraxL14/Info.plist;
				IPHONEOS_DEPLOYMENT_TARGET = 8.3;
				LD_RUNPATH_SEARCH_PATHS = "$(inherited) @executable_path/Frameworks";
				PRODUCT_NAME = "$(TARGET_NAME)";
			};
			name = Debug;
		};
		88EEDCBC1AFAB69A00643AB4 /* Release */ = {
			isa = XCBuildConfiguration;
			buildSettings = {
				ASSETCATALOG_COMPILER_APPICON_NAME = AppIcon;
				CODE_SIGN_IDENTITY = "iPhone Developer";
				INFOPLIST_FILE = TraxL14/Info.plist;
				IPHONEOS_DEPLOYMENT_TARGET = 8.3;
				LD_RUNPATH_SEARCH_PATHS = "$(inherited) @executable_path/Frameworks";
				PRODUCT_NAME = "$(TARGET_NAME)";
			};
			name = Release;
		};
		88EEDCBE1AFAB69A00643AB4 /* Debug */ = {
			isa = XCBuildConfiguration;
			buildSettings = {
				BUNDLE_LOADER = "$(TEST_HOST)";
				FRAMEWORK_SEARCH_PATHS = (
					"$(SDKROOT)/Developer/Library/Frameworks",
					"$(inherited)",
				);
				GCC_PREPROCESSOR_DEFINITIONS = (
					"DEBUG=1",
					"$(inherited)",
				);
				INFOPLIST_FILE = TraxL14Tests/Info.plist;
				IPHONEOS_DEPLOYMENT_TARGET = 8.3;
				LD_RUNPATH_SEARCH_PATHS = "$(inherited) @executable_path/Frameworks @loader_path/Frameworks";
				PRODUCT_NAME = "$(TARGET_NAME)";
				TEST_HOST = "$(BUILT_PRODUCTS_DIR)/TraxL14.app/TraxL14";
			};
			name = Debug;
		};
		88EEDCBF1AFAB69A00643AB4 /* Release */ = {
			isa = XCBuildConfiguration;
			buildSettings = {
				BUNDLE_LOADER = "$(TEST_HOST)";
				FRAMEWORK_SEARCH_PATHS = (
					"$(SDKROOT)/Developer/Library/Frameworks",
					"$(inherited)",
				);
				INFOPLIST_FILE = TraxL14Tests/Info.plist;
				IPHONEOS_DEPLOYMENT_TARGET = 8.3;
				LD_RUNPATH_SEARCH_PATHS = "$(inherited) @executable_path/Frameworks @loader_path/Frameworks";
				PRODUCT_NAME = "$(TARGET_NAME)";
				TEST_HOST = "$(BUILT_PRODUCTS_DIR)/TraxL14.app/TraxL14";
			};
			name = Release;
		};
/* End XCBuildConfiguration section */

/* Begin XCConfigurationList section */
		88EEDC961AFAB69A00643AB4 /* Build configuration list for PBXProject "TraxL14" */ = {
			isa = XCConfigurationList;
			buildConfigurations = (
				88EEDCB81AFAB69A00643AB4 /* Debug */,
				88EEDCB91AFAB69A00643AB4 /* Release */,
			);
			defaultConfigurationIsVisible = 0;
			defaultConfigurationName = Release;
		};
		88EEDCBA1AFAB69A00643AB4 /* Build configuration list for PBXNativeTarget "TraxL14" */ = {
			isa = XCConfigurationList;
			buildConfigurations = (
				88EEDCBB1AFAB69A00643AB4 /* Debug */,
				88EEDCBC1AFAB69A00643AB4 /* Release */,
			);
			defaultConfigurationIsVisible = 0;
			defaultConfigurationName = Release;
		};
		88EEDCBD1AFAB69A00643AB4 /* Build configuration list for PBXNativeTarget "TraxL14Tests" */ = {
			isa = XCConfigurationList;
			buildConfigurations = (
				88EEDCBE1AFAB69A00643AB4 /* Debug */,
				88EEDCBF1AFAB69A00643AB4 /* Release */,
			);
			defaultConfigurationIsVisible = 0;
			defaultConfigurationName = Release;
		};
/* End XCConfigurationList section */
	};
	rootObject = 88EEDC931AFAB69A00643AB4 /* Project object */;
}
